
Microsoft Visual Studio Solution File, Format Version 12.00
# Visual Studio Version 17
VisualStudioVersion = 17.8.34330.188
MinimumVisualStudioVersion = 10.0.40219.1
Project("{FAE04EC0-301F-11D3-BF4B-00C04F79EFBC}") = "Rm_Assignment_10", "Rm_Assignment_10.csproj", "{358605EB-8111-45BC-ADE8-3E95E73F6560}"
EndProject
Global
	GlobalSection(SolutionConfigurationPlatforms) = preSolution
		Debug|Any CPU = Debug|Any CPU
		Release|Any CPU = Release|Any CPU
	EndGlobalSection
	GlobalSection(ProjectConfigurationPlatforms) = postSolution
		{358605EB-8111-45BC-ADE8-3E95E73F6560}.Debug|Any CPU.ActiveCfg = Debug|Any CPU
		{358605EB-8111-45BC-ADE8-3E95E73F6560}.Debug|Any CPU.Build.0 = Debug|Any CPU
		{358605EB-8111-45BC-ADE8-3E95E73F6560}.Release|Any CPU.ActiveCfg = Release|Any CPU
		{358605EB-8111-45BC-ADE8-3E95E73F6560}.Release|Any CPU.Build.0 = Release|Any CPU
	EndGlobalSection
	GlobalSection(SolutionProperties) = preSolution
		HideSolutionNode = FALSE
	EndGlobalSection
	GlobalSection(ExtensibilityGlobals) = postSolution
		SolutionGuid = {E4D5E2D8-4E2A-45F7-B68C-72DF0C83810B}
	EndGlobalSection
EndGlobal
